<?xml version="1.0" encoding="utf-8"?>
<Project ToolsVersion="4.0" xmlns="http://schemas.microsoft.com/developer/msbuild/2003">
  <ItemGroup>
    <Filter Include="noncopyable">
      <UniqueIdentifier>{686a8bfc-c349-4b4d-bd37-f0f968bf64fe}</UniqueIdentifier>
    </Filter>
    <Filter Include="crc">
      <UniqueIdentifier>{ae444ce0-62a6-4bcd-949f-ae49b33d0a29}</UniqueIdentifier>
    </Filter>
    <Filter Include="dynamicLibraryReference">
      <UniqueIdentifier>{3eb82436-984b-42ed-a744-cd45934e7164}</UniqueIdentifier>
    <Filter Include="fs">
      <UniqueIdentifier>{5cb1f817-4128-459d-a648-32634e4376ff}</UniqueIdentifier>
    </Filter>
  </ItemGroup>
  <ItemGroup>
    <ClInclude Include="onyx\noncopyable.hpp">
      <Filter>noncopyable</Filter>
    </ClInclude>
    <ClInclude Include="onyx\crc.h">
      <Filter>crc</Filter>
    </ClInclude>
    <ClInclude Include="onyx\framework.h" />
    <ClInclude Include="onyx\DynamicLibRef.h">
      <Filter>dynamicLibraryReference</Filter>
    <ClInclude Include="FileSystem.h">
      <Filter>fs</Filter>
    </ClInclude>
    <ClInclude Include="IFile.h">
      <Filter>fs</Filter>
    </ClInclude>
  </ItemGroup>
  <ItemGroup>
    <ClCompile Include="onyx\crc.cpp">
      <Filter>crc</Filter>
    </ClCompile>
    <ClCompile Include="onyx\DynamicLibRef.cpp">
      <Filter>dynamicLibraryReference</Filter>
    <ClCompile Include="FileSystem.cpp">
      <Filter>fs</Filter>
    </ClCompile>
  </ItemGroup>
</Project>