<?xml version="1.0" encoding="utf-8"?>
<Project ToolsVersion="4.0" xmlns="http://schemas.microsoft.com/developer/msbuild/2003">
  <ItemGroup>
    <ClCompile Include="FileSystem.cpp" />
    <ClCompile Include="onyx\crc.cpp" />
    <ClCompile Include="onyx\DynamicLibRef.cpp" />
  </ItemGroup>
  <ItemGroup>
    <ClInclude Include="FileSystem.h" />
    <ClInclude Include="framework.h" />
    <ClInclude Include="IFile.h" />
    <ClInclude Include="onyx\crc.h" />
    <ClInclude Include="onyx\DynamicLibRef.h" />
    <ClInclude Include="onyx\framework.h" />
    <ClInclude Include="onyx\noncopyable.hpp" />
    <ClInclude Include="string_extensions.hpp" />
  </ItemGroup>
</Project>