<?xml version="1.0" encoding="utf-8"?>
<Project ToolsVersion="4.0" xmlns="http://schemas.microsoft.com/developer/msbuild/2003">
  <ItemGroup>
    <Filter Include="source">
      <UniqueIdentifier>{3e22ac2f-6072-4484-9fce-567d2792ac09}</UniqueIdentifier>
    </Filter>
  </ItemGroup>
  <ItemGroup>
    <ClCompile Include="source\gainput.cpp">
      <Filter>source</Filter>
    </ClCompile>
    <ClCompile Include="source\GainputAllocator.cpp">
      <Filter>source</Filter>
    </ClCompile>
    <ClCompile Include="source\GainputInputDeltaState.cpp">
      <Filter>source</Filter>
    </ClCompile>
    <ClCompile Include="source\GainputInputDevice.cpp">
      <Filter>source</Filter>
    </ClCompile>
    <ClCompile Include="source\GainputInputManager.cpp">
      <Filter>source</Filter>
    </ClCompile>
    <ClCompile Include="source\GainputInputMap.cpp">
      <Filter>source</Filter>
    </ClCompile>
    <ClCompile Include="source\GainputInputState.cpp">
      <Filter>source</Filter>
    </ClCompile>
    <ClCompile Include="source\GainputMapFilters.cpp">
      <Filter>source</Filter>
    </ClCompile>
    <ClCompile Include="source\builtin\GainputInputDeviceBuiltIn.cpp">
      <Filter>source</Filter>
    </ClCompile>
    <ClCompile Include="source\dev\GainputDev.cpp">
      <Filter>source</Filter>
    </ClCompile>
    <ClCompile Include="source\dev\GainputMemoryStream.cpp">
      <Filter>source</Filter>
    </ClCompile>
    <ClCompile Include="source\dev\GainputNetAddress.cpp">
      <Filter>source</Filter>
    </ClCompile>
    <ClCompile Include="source\dev\GainputNetConnection.cpp">
      <Filter>source</Filter>
    </ClCompile>
    <ClCompile Include="source\dev\GainputNetListener.cpp">
      <Filter>source</Filter>
    </ClCompile>
    <ClCompile Include="source\gestures\GainputButtonStickGesture.cpp">
      <Filter>source</Filter>
    </ClCompile>
    <ClCompile Include="source\gestures\GainputDoubleClickGesture.cpp">
      <Filter>source</Filter>
    </ClCompile>
    <ClCompile Include="source\gestures\GainputHoldGesture.cpp">
      <Filter>source</Filter>
    </ClCompile>
    <ClCompile Include="source\gestures\GainputPinchGesture.cpp">
      <Filter>source</Filter>
    </ClCompile>
    <ClCompile Include="source\gestures\GainputRotateGesture.cpp">
      <Filter>source</Filter>
    </ClCompile>
    <ClCompile Include="source\gestures\GainputSimultaneouslyDownGesture.cpp">
      <Filter>source</Filter>
    </ClCompile>
    <ClCompile Include="source\gestures\GainputTapGesture.cpp">
      <Filter>source</Filter>
    </ClCompile>
    <ClCompile Include="source\keyboard\GainputInputDeviceKeyboard.cpp">
      <Filter>source</Filter>
    </ClCompile>
    <ClCompile Include="source\keyboard\GainputInputDeviceKeyboardMac.cpp">
      <Filter>source</Filter>
    </ClCompile>
    <ClCompile Include="source\mouse\GainputInputDeviceMouse.cpp">
      <Filter>source</Filter>
    </ClCompile>
    <ClCompile Include="source\pad\GainputInputDevicePad.cpp">
      <Filter>source</Filter>
    </ClCompile>
    <ClCompile Include="source\pad\GainputInputDevicePadMac.cpp">
      <Filter>source</Filter>
    </ClCompile>
    <ClCompile Include="source\recorder\GainputInputPlayer.cpp">
      <Filter>source</Filter>
    </ClCompile>
    <ClCompile Include="source\recorder\GainputInputRecorder.cpp">
      <Filter>source</Filter>
    </ClCompile>
    <ClCompile Include="source\recorder\GainputInputRecording.cpp">
      <Filter>source</Filter>
    </ClCompile>
    <ClCompile Include="source\touch\GainputInputDeviceTouch.cpp">
      <Filter>source</Filter>
    </ClCompile>
  </ItemGroup>
  <ItemGroup>
    <ClInclude Include="source\GainputHelpersEvdev.h">
      <Filter>source</Filter>
    </ClInclude>
    <ClInclude Include="source\GainputWindows.h">
      <Filter>source</Filter>
    </ClInclude>
    <ClInclude Include="source\builtin\GainputInputDeviceBuiltInAndroid.h">
      <Filter>source</Filter>
    </ClInclude>
    <ClInclude Include="source\builtin\GainputInputDeviceBuiltInImpl.h">
      <Filter>source</Filter>
    </ClInclude>
    <ClInclude Include="source\builtin\GainputInputDeviceBuiltInIos.h">
      <Filter>source</Filter>
    </ClInclude>
    <ClInclude Include="source\builtin\GainputInputDeviceBuiltInNull.h">
      <Filter>source</Filter>
    </ClInclude>
    <ClInclude Include="source\dev\GainputDev.h">
      <Filter>source</Filter>
    </ClInclude>
    <ClInclude Include="source\dev\GainputDevProtocol.h">
      <Filter>source</Filter>
    </ClInclude>
    <ClInclude Include="source\dev\GainputMemoryStream.h">
      <Filter>source</Filter>
    </ClInclude>
    <ClInclude Include="source\dev\GainputNetAddress.h">
      <Filter>source</Filter>
    </ClInclude>
    <ClInclude Include="source\dev\GainputNetConnection.h">
      <Filter>source</Filter>
    </ClInclude>
    <ClInclude Include="source\dev\GainputNetListener.h">
      <Filter>source</Filter>
    </ClInclude>
    <ClInclude Include="source\dev\GainputStream.h">
      <Filter>source</Filter>
    </ClInclude>
    <ClInclude Include="source\keyboard\GainputInputDeviceKeyboardAndroid.h">
      <Filter>source</Filter>
    </ClInclude>
    <ClInclude Include="source\keyboard\GainputInputDeviceKeyboardEvdev.h">
      <Filter>source</Filter>
    </ClInclude>
    <ClInclude Include="source\keyboard\GainputInputDeviceKeyboardImpl.h">
      <Filter>source</Filter>
    </ClInclude>
    <ClInclude Include="source\keyboard\GainputInputDeviceKeyboardLinux.h">
      <Filter>source</Filter>
    </ClInclude>
    <ClInclude Include="source\keyboard\GainputInputDeviceKeyboardMac.h">
      <Filter>source</Filter>
    </ClInclude>
    <ClInclude Include="source\keyboard\GainputInputDeviceKeyboardNull.h">
      <Filter>source</Filter>
    </ClInclude>
    <ClInclude Include="source\keyboard\GainputInputDeviceKeyboardWin.h">
      <Filter>source</Filter>
    </ClInclude>
    <ClInclude Include="source\keyboard\GainputInputDeviceKeyboardWinRaw.h">
      <Filter>source</Filter>
    </ClInclude>
    <ClInclude Include="source\keyboard\GainputKeyboardKeyNames.h">
      <Filter>source</Filter>
    </ClInclude>
    <ClInclude Include="source\mouse\GainputInputDeviceMouseEvdev.h">
      <Filter>source</Filter>
    </ClInclude>
    <ClInclude Include="source\mouse\GainputInputDeviceMouseImpl.h">
      <Filter>source</Filter>
    </ClInclude>
    <ClInclude Include="source\mouse\GainputInputDeviceMouseLinux.h">
      <Filter>source</Filter>
    </ClInclude>
    <ClInclude Include="source\mouse\GainputInputDeviceMouseMac.h">
      <Filter>source</Filter>
    </ClInclude>
    <ClInclude Include="source\mouse\GainputInputDeviceMouseNull.h">
      <Filter>source</Filter>
    </ClInclude>
    <ClInclude Include="source\mouse\GainputInputDeviceMouseWin.h">
      <Filter>source</Filter>
    </ClInclude>
    <ClInclude Include="source\mouse\GainputInputDeviceMouseWinRaw.h">
      <Filter>source</Filter>
    </ClInclude>
    <ClInclude Include="source\mouse\GainputMouseInfo.h">
      <Filter>source</Filter>
    </ClInclude>
    <ClInclude Include="source\pad\GainputInputDevicePadAndroid.h">
      <Filter>source</Filter>
    </ClInclude>
    <ClInclude Include="source\pad\GainputInputDevicePadImpl.h">
      <Filter>source</Filter>
    </ClInclude>
    <ClInclude Include="source\pad\GainputInputDevicePadIos.h">
      <Filter>source</Filter>
    </ClInclude>
    <ClInclude Include="source\pad\GainputInputDevicePadLinux.h">
      <Filter>source</Filter>
    </ClInclude>
    <ClInclude Include="source\pad\GainputInputDevicePadMac.h">
      <Filter>source</Filter>
    </ClInclude>
    <ClInclude Include="source\pad\GainputInputDevicePadNull.h">
      <Filter>source</Filter>
    </ClInclude>
    <ClInclude Include="source\pad\GainputInputDevicePadWin.h">
      <Filter>source</Filter>
    </ClInclude>
    <ClInclude Include="source\touch\GainputInputDeviceTouchAndroid.h">
      <Filter>source</Filter>
    </ClInclude>
    <ClInclude Include="source\touch\GainputInputDeviceTouchImpl.h">
      <Filter>source</Filter>
    </ClInclude>
    <ClInclude Include="source\touch\GainputInputDeviceTouchIos.h">
      <Filter>source</Filter>
    </ClInclude>
    <ClInclude Include="source\touch\GainputInputDeviceTouchNull.h">
      <Filter>source</Filter>
    </ClInclude>
    <ClInclude Include="source\touch\GainputTouchInfo.h">
      <Filter>source</Filter>
    </ClInclude>
  </ItemGroup>
  <ItemGroup>
    <None Include="source\GainputIos.mm">
      <Filter>source</Filter>
    </None>
    <None Include="source\GainputMac.mm">
      <Filter>source</Filter>
    </None>
    <None Include="source\builtin\GainputInputDeviceBuiltInIos.mm">
      <Filter>source</Filter>
    </None>
    <None Include="source\mouse\GainputInputDeviceMouseMac.mm">
      <Filter>source</Filter>
    </None>
    <None Include="source\pad\GainputInputDevicePadIos.mm">
      <Filter>source</Filter>
    </None>
  </ItemGroup>
</Project>