
Microsoft Visual Studio Solution File, Format Version 12.00
# Visual Studio Version 16
VisualStudioVersion = 16.0.29613.14
MinimumVisualStudioVersion = 10.0.40219.1
Project("{8BC9CEB8-8B4A-11D0-8D11-00A0C91BC942}") = "gainput", "gainput.vcxproj", "{9DB85A17-0ECA-4720-BE70-13ABC3E248D7}"
EndProject
Project("{8BC9CEB8-8B4A-11D0-8D11-00A0C91BC942}") = "Project1", "..\Project1\Project1.vcxproj", "{00EAACD7-DF1F-4375-9428-46F94CC7E12C}"
EndProject
Global
	GlobalSection(SolutionConfigurationPlatforms) = preSolution
		Debug|x64 = Debug|x64
		Debug|x86 = Debug|x86
		Release|x64 = Release|x64
		Release|x86 = Release|x86
	EndGlobalSection
	GlobalSection(ProjectConfigurationPlatforms) = postSolution
		{9DB85A17-0ECA-4720-BE70-13ABC3E248D7}.Debug|x64.ActiveCfg = Debug|x64
		{9DB85A17-0ECA-4720-BE70-13ABC3E248D7}.Debug|x64.Build.0 = Debug|x64
		{9DB85A17-0ECA-4720-BE70-13ABC3E248D7}.Debug|x86.ActiveCfg = Debug|Win32
		{9DB85A17-0ECA-4720-BE70-13ABC3E248D7}.Debug|x86.Build.0 = Debug|Win32
		{9DB85A17-0ECA-4720-BE70-13ABC3E248D7}.Release|x64.ActiveCfg = Release|x64
		{9DB85A17-0ECA-4720-BE70-13ABC3E248D7}.Release|x64.Build.0 = Release|x64
		{9DB85A17-0ECA-4720-BE70-13ABC3E248D7}.Release|x86.ActiveCfg = Release|Win32
		{9DB85A17-0ECA-4720-BE70-13ABC3E248D7}.Release|x86.Build.0 = Release|Win32
		{00EAACD7-DF1F-4375-9428-46F94CC7E12C}.Debug|x64.ActiveCfg = Debug|x64
		{00EAACD7-DF1F-4375-9428-46F94CC7E12C}.Debug|x64.Build.0 = Debug|x64
		{00EAACD7-DF1F-4375-9428-46F94CC7E12C}.Debug|x86.ActiveCfg = Debug|Win32
		{00EAACD7-DF1F-4375-9428-46F94CC7E12C}.Debug|x86.Build.0 = Debug|Win32
		{00EAACD7-DF1F-4375-9428-46F94CC7E12C}.Release|x64.ActiveCfg = Release|x64
		{00EAACD7-DF1F-4375-9428-46F94CC7E12C}.Release|x64.Build.0 = Release|x64
		{00EAACD7-DF1F-4375-9428-46F94CC7E12C}.Release|x86.ActiveCfg = Release|Win32
		{00EAACD7-DF1F-4375-9428-46F94CC7E12C}.Release|x86.Build.0 = Release|Win32
	EndGlobalSection
	GlobalSection(SolutionProperties) = preSolution
		HideSolutionNode = FALSE
	EndGlobalSection
	GlobalSection(ExtensibilityGlobals) = postSolution
		SolutionGuid = {11E729E9-C6D4-43F6-81FD-65C0EF8CC977}
	EndGlobalSection
EndGlobal
